
Microsoft Visual Studio Solution File, Format Version 12.00
# Visual Studio Version 17
VisualStudioVersion = 17.9.34616.47
MinimumVisualStudioVersion = 10.0.40219.1
Project("{9A19103F-16F7-4668-BE54-9A1E7A4F7556}") = "AAAA474_ModbusTCP_Demo", "AAAA474_ModbusTCP_Demo\AAAA474_ModbusTCP_Demo.csproj", "{FE7BDA38-0B41-4155-9D37-B1767D98A7D0}"
EndProject
Global
	GlobalSection(SolutionConfigurationPlatforms) = preSolution
		Debug|Any CPU = Debug|Any CPU
		Release|Any CPU = Release|Any CPU
	EndGlobalSection
	GlobalSection(ProjectConfigurationPlatforms) = postSolution
		{FE7BDA38-0B41-4155-9D37-B1767D98A7D0}.Debug|Any CPU.ActiveCfg = Debug|Any CPU
		{FE7BDA38-0B41-4155-9D37-B1767D98A7D0}.Debug|Any CPU.Build.0 = Debug|Any CPU
		{FE7BDA38-0B41-4155-9D37-B1767D98A7D0}.Release|Any CPU.ActiveCfg = Release|Any CPU
		{FE7BDA38-0B41-4155-9D37-B1767D98A7D0}.Release|Any CPU.Build.0 = Release|Any CPU
	EndGlobalSection
	GlobalSection(SolutionProperties) = preSolution
		HideSolutionNode = FALSE
	EndGlobalSection
	GlobalSection(ExtensibilityGlobals) = postSolution
		SolutionGuid = {1101C47D-6F8A-451D-B798-FA6E810583ED}
	EndGlobalSection
EndGlobal
